// !$*UTF8*$!
{
	archiveVersion = 1;
	classes = {
	};
	objectVersion = 50;
	objects = {

/* Begin PBXBuildFile section */
		CB2C4A7423460C9B00ED6D3A /* AppDelegate.swift in Sources */ = {isa = PBXBuildFile; fileRef = CB2C4A7323460C9B00ED6D3A /* AppDelegate.swift */; };
		CB2C4A7623460C9B00ED6D3A /* ViewController.swift in Sources */ = {isa = PBXBuildFile; fileRef = CB2C4A7523460C9B00ED6D3A /* ViewController.swift */; };
		CB2C4A7923460C9C00ED6D3A /* Main.storyboard in Resources */ = {isa = PBXBuildFile; fileRef = CB2C4A7723460C9C00ED6D3A /* Main.storyboard */; };
		CB2C4A7B23460C9F00ED6D3A /* Assets.xcassets in Resources */ = {isa = PBXBuildFile; fileRef = CB2C4A7A23460C9F00ED6D3A /* Assets.xcassets */; };
		CB2C4A7E23460C9F00ED6D3A /* LaunchScreen.storyboard in Resources */ = {isa = PBXBuildFile; fileRef = CB2C4A7C23460C9F00ED6D3A /* LaunchScreen.storyboard */; };
		D2573881936CD1CF26F03F36 /* Pods_Reprehensible.framework in Frameworks */ = {isa = PBXBuildFile; fileRef = 55857E863ABD79EB372D17AE /* Pods_Reprehensible.framework */; };
/* End PBXBuildFile section */

/* Begin PBXFileReference section */
		3BD99C5B02A5FEF85C9398E3 /* common.kt */ = {isa = PBXFileReference; includeInIndex = 1; name = common.kt; path = ../Reprehensible_Android/MacounLib/src/commonMain/kotlin/common.kt; sourceTree = "<group>"; };
		55857E863ABD79EB372D17AE /* Pods_Reprehensible.framework */ = {isa = PBXFileReference; explicitFileType = wrapper.framework; includeInIndex = 0; path = Pods_Reprehensible.framework; sourceTree = BUILT_PRODUCTS_DIR; };
		61AA39027B1B94CBF3E514CF /* Pods-Reprehensible.release.xcconfig */ = {isa = PBXFileReference; includeInIndex = 1; lastKnownFileType = text.xcconfig; name = "Pods-Reprehensible.release.xcconfig"; path = "Target Support Files/Pods-Reprehensible/Pods-Reprehensible.release.xcconfig"; sourceTree = "<group>"; };
		70FBB366E4EB8203032F6321 /* actual.kt */ = {isa = PBXFileReference; includeInIndex = 1; name = actual.kt; path = ../Reprehensible_Android/MacounLib/src/iosMain/kotlin/actual.kt; sourceTree = "<group>"; };
		C2E98BD24BFC1F5438BFBE8F /* Pods-Reprehensible.debug.xcconfig */ = {isa = PBXFileReference; includeInIndex = 1; lastKnownFileType = text.xcconfig; name = "Pods-Reprehensible.debug.xcconfig"; path = "Target Support Files/Pods-Reprehensible/Pods-Reprehensible.debug.xcconfig"; sourceTree = "<group>"; };
		CB2C4A7023460C9B00ED6D3A /* Reprehensible.app */ = {isa = PBXFileReference; explicitFileType = wrapper.application; includeInIndex = 0; path = Reprehensible.app; sourceTree = BUILT_PRODUCTS_DIR; };
		CB2C4A7323460C9B00ED6D3A /* AppDelegate.swift */ = {isa = PBXFileReference; lastKnownFileType = sourcecode.swift; path = AppDelegate.swift; sourceTree = "<group>"; };
		CB2C4A7523460C9B00ED6D3A /* ViewController.swift */ = {isa = PBXFileReference; lastKnownFileType = sourcecode.swift; path = ViewController.swift; sourceTree = "<group>"; };
		CB2C4A7823460C9C00ED6D3A /* Base */ = {isa = PBXFileReference; lastKnownFileType = file.storyboard; name = Base; path = Base.lproj/Main.storyboard; sourceTree = "<group>"; };
		CB2C4A7A23460C9F00ED6D3A /* Assets.xcassets */ = {isa = PBXFileReference; lastKnownFileType = folder.assetcatalog; path = Assets.xcassets; sourceTree = "<group>"; };
		CB2C4A7D23460C9F00ED6D3A /* Base */ = {isa = PBXFileReference; lastKnownFileType = file.storyboard; name = Base; path = Base.lproj/LaunchScreen.storyboard; sourceTree = "<group>"; };
		CB2C4A7F23460C9F00ED6D3A /* Info.plist */ = {isa = PBXFileReference; lastKnownFileType = text.plist.xml; path = Info.plist; sourceTree = "<group>"; };
		D5285ECA43DBC22BC531CBF8 /* actual.kt */ = {isa = PBXFileReference; includeInIndex = 1; name = actual.kt; path = ../Reprehensible_Android/MacounLib/src/androidMain/kotlin/actual.kt; sourceTree = "<group>"; };
/* End PBXFileReference section */

/* Begin PBXFrameworksBuildPhase section */
		CB2C4A6D23460C9B00ED6D3A /* Frameworks */ = {
			isa = PBXFrameworksBuildPhase;
			buildActionMask = 2147483647;
			files = (
				D2573881936CD1CF26F03F36 /* Pods_Reprehensible.framework in Frameworks */,
			);
			runOnlyForDeploymentPostprocessing = 0;
		};
/* End PBXFrameworksBuildPhase section */

/* Begin PBXGroup section */
		14CF9E5C9AD32D6C45C78C6A /* kotlin */ = {
			isa = PBXGroup;
			children = (
				3BD99C5B02A5FEF85C9398E3 /* common.kt */,
			);
			name = kotlin;
			sourceTree = "<group>";
		};
		5D6444EE14E2F526702BD6A6 /* Frameworks */ = {
			isa = PBXGroup;
			children = (
				55857E863ABD79EB372D17AE /* Pods_Reprehensible.framework */,
			);
			name = Frameworks;
			sourceTree = "<group>";
		};
		8FF2326F71F016C59BC9FE9B /* commonMain */ = {
			isa = PBXGroup;
			children = (
				14CF9E5C9AD32D6C45C78C6A /* kotlin */,
			);
			name = commonMain;
			sourceTree = "<group>";
		};
		94495EB37FE222A390C95099 /* androidMain */ = {
			isa = PBXGroup;
			children = (
				B39D11DB22BA61D59C327CF7 /* kotlin */,
			);
			name = androidMain;
			sourceTree = "<group>";
		};
		B2C2411126770D6ADD392092 /* iosMain */ = {
			isa = PBXGroup;
			children = (
				D2A2CCFDE06AECDB3FDCB251 /* kotlin */,
			);
			name = iosMain;
			sourceTree = "<group>";
		};
		B39D11DB22BA61D59C327CF7 /* kotlin */ = {
			isa = PBXGroup;
			children = (
				D5285ECA43DBC22BC531CBF8 /* actual.kt */,
			);
			name = kotlin;
			sourceTree = "<group>";
		};
		CB2C4A6723460C9B00ED6D3A = {
			isa = PBXGroup;
			children = (
				CB2C4A7223460C9B00ED6D3A /* Reprehensible */,
				CB2C4A7123460C9B00ED6D3A /* Products */,
				E100F4C0611119C50DBA7A5B /* Pods */,
				5D6444EE14E2F526702BD6A6 /* Frameworks */,
				FF29DC59EA78F933A74A3793 /* Kotlin */,
			);
			sourceTree = "<group>";
		};
		CB2C4A7123460C9B00ED6D3A /* Products */ = {
			isa = PBXGroup;
			children = (
				CB2C4A7023460C9B00ED6D3A /* Reprehensible.app */,
			);
			name = Products;
			sourceTree = "<group>";
		};
		CB2C4A7223460C9B00ED6D3A /* Reprehensible */ = {
			isa = PBXGroup;
			children = (
				CB2C4A7323460C9B00ED6D3A /* AppDelegate.swift */,
				CB2C4A7523460C9B00ED6D3A /* ViewController.swift */,
				CB2C4A7723460C9C00ED6D3A /* Main.storyboard */,
				CB2C4A7A23460C9F00ED6D3A /* Assets.xcassets */,
				CB2C4A7C23460C9F00ED6D3A /* LaunchScreen.storyboard */,
				CB2C4A7F23460C9F00ED6D3A /* Info.plist */,
			);
			path = Reprehensible;
			sourceTree = "<group>";
		};
		D2A2CCFDE06AECDB3FDCB251 /* kotlin */ = {
			isa = PBXGroup;
			children = (
				70FBB366E4EB8203032F6321 /* actual.kt */,
			);
			name = kotlin;
			sourceTree = "<group>";
		};
		E100F4C0611119C50DBA7A5B /* Pods */ = {
			isa = PBXGroup;
			children = (
				C2E98BD24BFC1F5438BFBE8F /* Pods-Reprehensible.debug.xcconfig */,
				61AA39027B1B94CBF3E514CF /* Pods-Reprehensible.release.xcconfig */,
			);
			name = Pods;
			path = Pods;
			sourceTree = "<group>";
		};
		FF29DC59EA78F933A74A3793 /* Kotlin */ = {
			isa = PBXGroup;
			children = (
				94495EB37FE222A390C95099 /* androidMain */,
				8FF2326F71F016C59BC9FE9B /* commonMain */,
				B2C2411126770D6ADD392092 /* iosMain */,
			);
			name = Kotlin;
			sourceTree = "<group>";
		};
/* End PBXGroup section */

/* Begin PBXNativeTarget section */
		CB2C4A6F23460C9B00ED6D3A /* Reprehensible */ = {
			isa = PBXNativeTarget;
			buildConfigurationList = CB2C4A8223460C9F00ED6D3A /* Build configuration list for PBXNativeTarget "Reprehensible" */;
			buildPhases = (
				812E5E95BD81EC3BCEAC867F /* [CP] Check Pods Manifest.lock */,
				CB2C4A6C23460C9B00ED6D3A /* Sources */,
				CB2C4A6D23460C9B00ED6D3A /* Frameworks */,
				CB2C4A6E23460C9B00ED6D3A /* Resources */,
			);
			buildRules = (
			);
			dependencies = (
			);
			name = Reprehensible;
			productName = Reprehensible;
			productReference = CB2C4A7023460C9B00ED6D3A /* Reprehensible.app */;
			productType = "com.apple.product-type.application";
		};
/* End PBXNativeTarget section */

/* Begin PBXProject section */
		CB2C4A6823460C9B00ED6D3A /* Project object */ = {
			isa = PBXProject;
			attributes = {
				LastSwiftUpdateCheck = 1030;
				LastUpgradeCheck = 1030;
				ORGANIZATIONNAME = "Alexander von Below";
				TargetAttributes = {
					CB2C4A6F23460C9B00ED6D3A = {
						CreatedOnToolsVersion = 10.3;
					};
				};
			};
			buildConfigurationList = CB2C4A6B23460C9B00ED6D3A /* Build configuration list for PBXProject "Reprehensible" */;
			compatibilityVersion = "Xcode 9.3";
			developmentRegion = en;
			hasScannedForEncodings = 0;
			knownRegions = (
				en,
				Base,
			);
			mainGroup = CB2C4A6723460C9B00ED6D3A;
			productRefGroup = CB2C4A7123460C9B00ED6D3A /* Products */;
			projectDirPath = "";
			projectRoot = "";
			targets = (
				CB2C4A6F23460C9B00ED6D3A /* Reprehensible */,
			);
		};
/* End PBXProject section */

/* Begin PBXResourcesBuildPhase section */
		CB2C4A6E23460C9B00ED6D3A /* Resources */ = {
			isa = PBXResourcesBuildPhase;
			buildActionMask = 2147483647;
			files = (
				CB2C4A7E23460C9F00ED6D3A /* LaunchScreen.storyboard in Resources */,
				CB2C4A7B23460C9F00ED6D3A /* Assets.xcassets in Resources */,
				CB2C4A7923460C9C00ED6D3A /* Main.storyboard in Resources */,
			);
			runOnlyForDeploymentPostprocessing = 0;
		};
/* End PBXResourcesBuildPhase section */

/* Begin PBXShellScriptBuildPhase section */
		812E5E95BD81EC3BCEAC867F /* [CP] Check Pods Manifest.lock */ = {
			isa = PBXShellScriptBuildPhase;
			buildActionMask = 2147483647;
			files = (
			);
			inputFileListPaths = (
			);
			inputPaths = (
				"${PODS_PODFILE_DIR_PATH}/Podfile.lock",
				"${PODS_ROOT}/Manifest.lock",
			);
			name = "[CP] Check Pods Manifest.lock";
			outputFileListPaths = (
			);
			outputPaths = (
				"$(DERIVED_FILE_DIR)/Pods-Reprehensible-checkManifestLockResult.txt",
			);
			runOnlyForDeploymentPostprocessing = 0;
			shellPath = /bin/sh;
			shellScript = "diff \"${PODS_PODFILE_DIR_PATH}/Podfile.lock\" \"${PODS_ROOT}/Manifest.lock\" > /dev/null\nif [ $? != 0 ] ; then\n    # print error to STDERR\n    echo \"error: The sandbox is not in sync with the Podfile.lock. Run 'pod install' or update your CocoaPods installation.\" >&2\n    exit 1\nfi\n# This output is used by Xcode 'outputs' to avoid re-running this script phase.\necho \"SUCCESS\" > \"${SCRIPT_OUTPUT_FILE_0}\"\n";
			showEnvVarsInLog = 0;
		};
/* End PBXShellScriptBuildPhase section */

/* Begin PBXSourcesBuildPhase section */
		CB2C4A6C23460C9B00ED6D3A /* Sources */ = {
			isa = PBXSourcesBuildPhase;
			buildActionMask = 2147483647;
			files = (
				CB2C4A7623460C9B00ED6D3A /* ViewController.swift in Sources */,
				CB2C4A7423460C9B00ED6D3A /* AppDelegate.swift in Sources */,
			);
			runOnlyForDeploymentPostprocessing = 0;
		};
/* End PBXSourcesBuildPhase section */

/* Begin PBXVariantGroup section */
		CB2C4A7723460C9C00ED6D3A /* Main.storyboard */ = {
			isa = PBXVariantGroup;
			children = (
				CB2C4A7823460C9C00ED6D3A /* Base */,
			);
			name = Main.storyboard;
			sourceTree = "<group>";
		};
		CB2C4A7C23460C9F00ED6D3A /* LaunchScreen.storyboard */ = {
			isa = PBXVariantGroup;
			children = (
				CB2C4A7D23460C9F00ED6D3A /* Base */,
			);
			name = LaunchScreen.storyboard;
			sourceTree = "<group>";
		};
/* End PBXVariantGroup section */

/* Begin XCBuildConfiguration section */
		CB2C4A8023460C9F00ED6D3A /* Debug */ = {
			isa = XCBuildConfiguration;
			buildSettings = {
				ALWAYS_SEARCH_USER_PATHS = NO;
				CLANG_ANALYZER_NONNULL = YES;
				CLANG_ANALYZER_NUMBER_OBJECT_CONVERSION = YES_AGGRESSIVE;
				CLANG_CXX_LANGUAGE_STANDARD = "gnu++14";
				CLANG_CXX_LIBRARY = "libc++";
				CLANG_ENABLE_MODULES = YES;
				CLANG_ENABLE_OBJC_ARC = YES;
				CLANG_ENABLE_OBJC_WEAK = YES;
				CLANG_WARN_BLOCK_CAPTURE_AUTORELEASING = YES;
				CLANG_WARN_BOOL_CONVERSION = YES;
				CLANG_WARN_COMMA = YES;
				CLANG_WARN_CONSTANT_CONVERSION = YES;
				CLANG_WARN_DEPRECATED_OBJC_IMPLEMENTATIONS = YES;
				CLANG_WARN_DIRECT_OBJC_ISA_USAGE = YES_ERROR;
				CLANG_WARN_DOCUMENTATION_COMMENTS = YES;
				CLANG_WARN_EMPTY_BODY = YES;
				CLANG_WARN_ENUM_CONVERSION = YES;
				CLANG_WARN_INFINITE_RECURSION = YES;
				CLANG_WARN_INT_CONVERSION = YES;
				CLANG_WARN_NON_LITERAL_NULL_CONVERSION = YES;
				CLANG_WARN_OBJC_IMPLICIT_RETAIN_SELF = YES;
				CLANG_WARN_OBJC_LITERAL_CONVERSION = YES;
				CLANG_WARN_OBJC_ROOT_CLASS = YES_ERROR;
				CLANG_WARN_RANGE_LOOP_ANALYSIS = YES;
				CLANG_WARN_STRICT_PROTOTYPES = YES;
				CLANG_WARN_SUSPICIOUS_MOVE = YES;
				CLANG_WARN_UNGUARDED_AVAILABILITY = YES_AGGRESSIVE;
				CLANG_WARN_UNREACHABLE_CODE = YES;
				CLANG_WARN__DUPLICATE_METHOD_MATCH = YES;
				CODE_SIGN_IDENTITY = "iPhone Developer";
				COPY_PHASE_STRIP = NO;
				DEBUG_INFORMATION_FORMAT = dwarf;
				ENABLE_STRICT_OBJC_MSGSEND = YES;
				ENABLE_TESTABILITY = YES;
				GCC_C_LANGUAGE_STANDARD = gnu11;
				GCC_DYNAMIC_NO_PIC = NO;
				GCC_NO_COMMON_BLOCKS = YES;
				GCC_OPTIMIZATION_LEVEL = 0;
				GCC_PREPROCESSOR_DEFINITIONS = (
					"DEBUG=1",
					"$(inherited)",
				);
				GCC_WARN_64_TO_32_BIT_CONVERSION = YES;
				GCC_WARN_ABOUT_RETURN_TYPE = YES_ERROR;
				GCC_WARN_UNDECLARED_SELECTOR = YES;
				GCC_WARN_UNINITIALIZED_AUTOS = YES_AGGRESSIVE;
				GCC_WARN_UNUSED_FUNCTION = YES;
				GCC_WARN_UNUSED_VARIABLE = YES;
				IPHONEOS_DEPLOYMENT_TARGET = 12.4;
				MTL_ENABLE_DEBUG_INFO = INCLUDE_SOURCE;
				MTL_FAST_MATH = YES;
				ONLY_ACTIVE_ARCH = YES;
				SDKROOT = iphoneos;
				SWIFT_ACTIVE_COMPILATION_CONDITIONS = DEBUG;
				SWIFT_OPTIMIZATION_LEVEL = "-Onone";
			};
			name = Debug;
		};
		CB2C4A8123460C9F00ED6D3A /* Release */ = {
			isa = XCBuildConfiguration;
			buildSettings = {
				ALWAYS_SEARCH_USER_PATHS = NO;
				CLANG_ANALYZER_NONNULL = YES;
				CLANG_ANALYZER_NUMBER_OBJECT_CONVERSION = YES_AGGRESSIVE;
				CLANG_CXX_LANGUAGE_STANDARD = "gnu++14";
				CLANG_CXX_LIBRARY = "libc++";
				CLANG_ENABLE_MODULES = YES;
				CLANG_ENABLE_OBJC_ARC = YES;
				CLANG_ENABLE_OBJC_WEAK = YES;
				CLANG_WARN_BLOCK_CAPTURE_AUTORELEASING = YES;
				CLANG_WARN_BOOL_CONVERSION = YES;
				CLANG_WARN_COMMA = YES;
				CLANG_WARN_CONSTANT_CONVERSION = YES;
				CLANG_WARN_DEPRECATED_OBJC_IMPLEMENTATIONS = YES;
				CLANG_WARN_DIRECT_OBJC_ISA_USAGE = YES_ERROR;
				CLANG_WARN_DOCUMENTATION_COMMENTS = YES;
				CLANG_WARN_EMPTY_BODY = YES;
				CLANG_WARN_ENUM_CONVERSION = YES;
				CLANG_WARN_INFINITE_RECURSION = YES;
				CLANG_WARN_INT_CONVERSION = YES;
				CLANG_WARN_NON_LITERAL_NULL_CONVERSION = YES;
				CLANG_WARN_OBJC_IMPLICIT_RETAIN_SELF = YES;
				CLANG_WARN_OBJC_LITERAL_CONVERSION = YES;
				CLANG_WARN_OBJC_ROOT_CLASS = YES_ERROR;
				CLANG_WARN_RANGE_LOOP_ANALYSIS = YES;
				CLANG_WARN_STRICT_PROTOTYPES = YES;
				CLANG_WARN_SUSPICIOUS_MOVE = YES;
				CLANG_WARN_UNGUARDED_AVAILABILITY = YES_AGGRESSIVE;
				CLANG_WARN_UNREACHABLE_CODE = YES;
				CLANG_WARN__DUPLICATE_METHOD_MATCH = YES;
				CODE_SIGN_IDENTITY = "iPhone Developer";
				COPY_PHASE_STRIP = NO;
				DEBUG_INFORMATION_FORMAT = "dwarf-with-dsym";
				ENABLE_NS_ASSERTIONS = NO;
				ENABLE_STRICT_OBJC_MSGSEND = YES;
				GCC_C_LANGUAGE_STANDARD = gnu11;
				GCC_NO_COMMON_BLOCKS = YES;
				GCC_WARN_64_TO_32_BIT_CONVERSION = YES;
				GCC_WARN_ABOUT_RETURN_TYPE = YES_ERROR;
				GCC_WARN_UNDECLARED_SELECTOR = YES;
				GCC_WARN_UNINITIALIZED_AUTOS = YES_AGGRESSIVE;
				GCC_WARN_UNUSED_FUNCTION = YES;
				GCC_WARN_UNUSED_VARIABLE = YES;
				IPHONEOS_DEPLOYMENT_TARGET = 12.4;
				MTL_ENABLE_DEBUG_INFO = NO;
				MTL_FAST_MATH = YES;
				SDKROOT = iphoneos;
				SWIFT_COMPILATION_MODE = wholemodule;
				SWIFT_OPTIMIZATION_LEVEL = "-O";
				VALIDATE_PRODUCT = YES;
			};
			name = Release;
		};
		CB2C4A8323460C9F00ED6D3A /* Debug */ = {
			isa = XCBuildConfiguration;
			baseConfigurationReference = C2E98BD24BFC1F5438BFBE8F /* Pods-Reprehensible.debug.xcconfig */;
			buildSettings = {
				ASSETCATALOG_COMPILER_APPICON_NAME = AppIcon;
				CODE_SIGN_STYLE = Automatic;
				DEVELOPMENT_TEAM = M3DTZN9V9B;
				INFOPLIST_FILE = Reprehensible/Info.plist;
				LD_RUNPATH_SEARCH_PATHS = (
					"$(inherited)",
					"@executable_path/Frameworks",
				);
				PRODUCT_BUNDLE_IDENTIFIER = com.vonbelow.Reprehensible;
				PRODUCT_NAME = "$(TARGET_NAME)";
				SWIFT_VERSION = 5.0;
				TARGETED_DEVICE_FAMILY = "1,2";
			};
			name = Debug;
		};
		CB2C4A8423460C9F00ED6D3A /* Release */ = {
			isa = XCBuildConfiguration;
			baseConfigurationReference = 61AA39027B1B94CBF3E514CF /* Pods-Reprehensible.release.xcconfig */;
			buildSettings = {
				ASSETCATALOG_COMPILER_APPICON_NAME = AppIcon;
				CODE_SIGN_STYLE = Automatic;
				DEVELOPMENT_TEAM = M3DTZN9V9B;
				INFOPLIST_FILE = Reprehensible/Info.plist;
				LD_RUNPATH_SEARCH_PATHS = (
					"$(inherited)",
					"@executable_path/Frameworks",
				);
				PRODUCT_BUNDLE_IDENTIFIER = com.vonbelow.Reprehensible;
				PRODUCT_NAME = "$(TARGET_NAME)";
				SWIFT_VERSION = 5.0;
				TARGETED_DEVICE_FAMILY = "1,2";
			};
			name = Release;
		};
/* End XCBuildConfiguration section */

/* Begin XCConfigurationList section */
		CB2C4A6B23460C9B00ED6D3A /* Build configuration list for PBXProject "Reprehensible" */ = {
			isa = XCConfigurationList;
			buildConfigurations = (
				CB2C4A8023460C9F00ED6D3A /* Debug */,
				CB2C4A8123460C9F00ED6D3A /* Release */,
			);
			defaultConfigurationIsVisible = 0;
			defaultConfigurationName = Release;
		};
		CB2C4A8223460C9F00ED6D3A /* Build configuration list for PBXNativeTarget "Reprehensible" */ = {
			isa = XCConfigurationList;
			buildConfigurations = (
				CB2C4A8323460C9F00ED6D3A /* Debug */,
				CB2C4A8423460C9F00ED6D3A /* Release */,
			);
			defaultConfigurationIsVisible = 0;
			defaultConfigurationName = Release;
		};
/* End XCConfigurationList section */
	};
	rootObject = CB2C4A6823460C9B00ED6D3A /* Project object */;
}
